{
  "nodes": {
    "nixpkgs": {
      "locked": {
        "lastModified": 1675389028,
        "narHash": "sha256-1NFlPH1A5241xbLHqoDdqoRiqWr21y+ns3Bp7a2uk/g=",
        "owner": "NixOS",
        "repo": "nixpkgs",
        "rev": "fcee9937e729d8653fb7fdba421e997597342ff1",
        "type": "github"
      },
      "original": {
        "id": "nixpkgs",
        "ref": "release-22.11",
        "type": "indirect"
      }
    },
    "root": {
      "inputs": {
        "nixpkgs": "nixpkgs"
      }
    }
  },
  "root": "root",
  "version": 7
}
